// !$*UTF8*$!
{
	archiveVersion = 1;
	classes = {
	};
	objectVersion = 50;
	objects = {

/* Begin PBXBuildFile section */
		33AF531523138A7600A92833 /* AppDelegate.m in Sources */ = {isa = PBXBuildFile; fileRef = 33AF531423138A7600A92833 /* AppDelegate.m */; };
		33AF531823138A7600A92833 /* ViewController.m in Sources */ = {isa = PBXBuildFile; fileRef = 33AF531723138A7600A92833 /* ViewController.m */; };
		33AF531B23138A7600A92833 /* Main.storyboard in Resources */ = {isa = PBXBuildFile; fileRef = 33AF531923138A7600A92833 /* Main.storyboard */; };
		33AF531D23138A7600A92833 /* Assets.xcassets in Resources */ = {isa = PBXBuildFile; fileRef = 33AF531C23138A7600A92833 /* Assets.xcassets */; };
		33AF532023138A7600A92833 /* LaunchScreen.storyboard in Resources */ = {isa = PBXBuildFile; fileRef = 33AF531E23138A7600A92833 /* LaunchScreen.storyboard */; };
		33AF532323138A7600A92833 /* main.m in Sources */ = {isa = PBXBuildFile; fileRef = 33AF532223138A7600A92833 /* main.m */; };
		33AF533123138B6000A92833 /* OrderMakeViewController.m in Sources */ = {isa = PBXBuildFile; fileRef = 33AF533023138B6000A92833 /* OrderMakeViewController.m */; };
		33AF533423138C0600A92833 /* Target_Order.m in Sources */ = {isa = PBXBuildFile; fileRef = 33AF533323138C0600A92833 /* Target_Order.m */; };
		9140DF4BC7791BFD0901A498 /* libPods-OrderModule.a in Frameworks */ = {isa = PBXBuildFile; fileRef = 07E9992A6A5A6D9549385862 /* libPods-OrderModule.a */; };
/* End PBXBuildFile section */

/* Begin PBXFileReference section */
		07E9992A6A5A6D9549385862 /* libPods-OrderModule.a */ = {isa = PBXFileReference; explicitFileType = archive.ar; includeInIndex = 0; path = "libPods-OrderModule.a"; sourceTree = BUILT_PRODUCTS_DIR; };
		33AF531023138A7600A92833 /* OrderModule.app */ = {isa = PBXFileReference; explicitFileType = wrapper.application; includeInIndex = 0; path = OrderModule.app; sourceTree = BUILT_PRODUCTS_DIR; };
		33AF531323138A7600A92833 /* AppDelegate.h */ = {isa = PBXFileReference; lastKnownFileType = sourcecode.c.h; path = AppDelegate.h; sourceTree = "<group>"; };
		33AF531423138A7600A92833 /* AppDelegate.m */ = {isa = PBXFileReference; lastKnownFileType = sourcecode.c.objc; path = AppDelegate.m; sourceTree = "<group>"; };
		33AF531623138A7600A92833 /* ViewController.h */ = {isa = PBXFileReference; lastKnownFileType = sourcecode.c.h; path = ViewController.h; sourceTree = "<group>"; };
		33AF531723138A7600A92833 /* ViewController.m */ = {isa = PBXFileReference; lastKnownFileType = sourcecode.c.objc; path = ViewController.m; sourceTree = "<group>"; };
		33AF531A23138A7600A92833 /* Base */ = {isa = PBXFileReference; lastKnownFileType = file.storyboard; name = Base; path = Base.lproj/Main.storyboard; sourceTree = "<group>"; };
		33AF531C23138A7600A92833 /* Assets.xcassets */ = {isa = PBXFileReference; lastKnownFileType = folder.assetcatalog; path = Assets.xcassets; sourceTree = "<group>"; };
		33AF531F23138A7600A92833 /* Base */ = {isa = PBXFileReference; lastKnownFileType = file.storyboard; name = Base; path = Base.lproj/LaunchScreen.storyboard; sourceTree = "<group>"; };
		33AF532123138A7600A92833 /* Info.plist */ = {isa = PBXFileReference; lastKnownFileType = text.plist.xml; path = Info.plist; sourceTree = "<group>"; };
		33AF532223138A7600A92833 /* main.m */ = {isa = PBXFileReference; lastKnownFileType = sourcecode.c.objc; path = main.m; sourceTree = "<group>"; };
		33AF532F23138B6000A92833 /* OrderMakeViewController.h */ = {isa = PBXFileReference; lastKnownFileType = sourcecode.c.h; path = OrderMakeViewController.h; sourceTree = "<group>"; };
		33AF533023138B6000A92833 /* OrderMakeViewController.m */ = {isa = PBXFileReference; lastKnownFileType = sourcecode.c.objc; path = OrderMakeViewController.m; sourceTree = "<group>"; };
		33AF533223138C0600A92833 /* Target_Order.h */ = {isa = PBXFileReference; lastKnownFileType = sourcecode.c.h; path = Target_Order.h; sourceTree = "<group>"; };
		33AF533323138C0600A92833 /* Target_Order.m */ = {isa = PBXFileReference; lastKnownFileType = sourcecode.c.objc; path = Target_Order.m; sourceTree = "<group>"; };
		992B2A29AE44E6B00EF7F80E /* Pods-OrderModule.release.xcconfig */ = {isa = PBXFileReference; includeInIndex = 1; lastKnownFileType = text.xcconfig; name = "Pods-OrderModule.release.xcconfig"; path = "Target Support Files/Pods-OrderModule/Pods-OrderModule.release.xcconfig"; sourceTree = "<group>"; };
		F608C2FEA473A0B82DF86D3D /* Pods-OrderModule.debug.xcconfig */ = {isa = PBXFileReference; includeInIndex = 1; lastKnownFileType = text.xcconfig; name = "Pods-OrderModule.debug.xcconfig"; path = "Target Support Files/Pods-OrderModule/Pods-OrderModule.debug.xcconfig"; sourceTree = "<group>"; };
/* End PBXFileReference section */

/* Begin PBXFrameworksBuildPhase section */
		33AF530D23138A7600A92833 /* Frameworks */ = {
			isa = PBXFrameworksBuildPhase;
			buildActionMask = 2147483647;
			files = (
				9140DF4BC7791BFD0901A498 /* libPods-OrderModule.a in Frameworks */,
			);
			runOnlyForDeploymentPostprocessing = 0;
		};
/* End PBXFrameworksBuildPhase section */

/* Begin PBXGroup section */
		33AF530723138A7600A92833 = {
			isa = PBXGroup;
			children = (
				33AF531223138A7600A92833 /* OrderModule */,
				33AF531123138A7600A92833 /* Products */,
				9BA167E8F70D26CAFACE95B8 /* Pods */,
				EF9A8FFA9D7514F24E0C0456 /* Frameworks */,
			);
			sourceTree = "<group>";
		};
		33AF531123138A7600A92833 /* Products */ = {
			isa = PBXGroup;
			children = (
				33AF531023138A7600A92833 /* OrderModule.app */,
			);
			name = Products;
			sourceTree = "<group>";
		};
		33AF531223138A7600A92833 /* OrderModule */ = {
			isa = PBXGroup;
			children = (
				33AF532923138AD300A92833 /* OrderModule */,
				33AF531323138A7600A92833 /* AppDelegate.h */,
				33AF531423138A7600A92833 /* AppDelegate.m */,
				33AF531623138A7600A92833 /* ViewController.h */,
				33AF531723138A7600A92833 /* ViewController.m */,
				33AF531923138A7600A92833 /* Main.storyboard */,
				33AF531C23138A7600A92833 /* Assets.xcassets */,
				33AF531E23138A7600A92833 /* LaunchScreen.storyboard */,
				33AF532123138A7600A92833 /* Info.plist */,
				33AF532223138A7600A92833 /* main.m */,
			);
			path = OrderModule;
			sourceTree = "<group>";
		};
		33AF532923138AD300A92833 /* OrderModule */ = {
			isa = PBXGroup;
			children = (
				33AF532B23138AD300A92833 /* Actions */,
				33AF532A23138AD300A92833 /* Controller */,
			);
			path = OrderModule;
			sourceTree = "<group>";
		};
		33AF532A23138AD300A92833 /* Controller */ = {
			isa = PBXGroup;
			children = (
				33AF532F23138B6000A92833 /* OrderMakeViewController.h */,
				33AF533023138B6000A92833 /* OrderMakeViewController.m */,
			);
			path = Controller;
			sourceTree = "<group>";
		};
		33AF532B23138AD300A92833 /* Actions */ = {
			isa = PBXGroup;
			children = (
				33AF533223138C0600A92833 /* Target_Order.h */,
				33AF533323138C0600A92833 /* Target_Order.m */,
			);
			path = Actions;
			sourceTree = "<group>";
		};
		9BA167E8F70D26CAFACE95B8 /* Pods */ = {
			isa = PBXGroup;
			children = (
				F608C2FEA473A0B82DF86D3D /* Pods-OrderModule.debug.xcconfig */,
				992B2A29AE44E6B00EF7F80E /* Pods-OrderModule.release.xcconfig */,
			);
			path = Pods;
			sourceTree = "<group>";
		};
		EF9A8FFA9D7514F24E0C0456 /* Frameworks */ = {
			isa = PBXGroup;
			children = (
				07E9992A6A5A6D9549385862 /* libPods-OrderModule.a */,
			);
			name = Frameworks;
			sourceTree = "<group>";
		};
/* End PBXGroup section */

/* Begin PBXNativeTarget section */
		33AF530F23138A7600A92833 /* OrderModule */ = {
			isa = PBXNativeTarget;
			buildConfigurationList = 33AF532623138A7600A92833 /* Build configuration list for PBXNativeTarget "OrderModule" */;
			buildPhases = (
				5C8B3D29543599340BAF0084 /* [CP] Check Pods Manifest.lock */,
				33AF530C23138A7600A92833 /* Sources */,
				33AF530D23138A7600A92833 /* Frameworks */,
				33AF530E23138A7600A92833 /* Resources */,
			);
			buildRules = (
			);
			dependencies = (
			);
			name = OrderModule;
			productName = OrderModule;
			productReference = 33AF531023138A7600A92833 /* OrderModule.app */;
			productType = "com.apple.product-type.application";
		};
/* End PBXNativeTarget section */

/* Begin PBXProject section */
		33AF530823138A7600A92833 /* Project object */ = {
			isa = PBXProject;
			attributes = {
				LastUpgradeCheck = 1030;
				ORGANIZATIONNAME = "Cai Cai";
				TargetAttributes = {
					33AF530F23138A7600A92833 = {
						CreatedOnToolsVersion = 10.3;
					};
				};
			};
			buildConfigurationList = 33AF530B23138A7600A92833 /* Build configuration list for PBXProject "OrderModule" */;
			compatibilityVersion = "Xcode 9.3";
			developmentRegion = en;
			hasScannedForEncodings = 0;
			knownRegions = (
				en,
				Base,
			);
			mainGroup = 33AF530723138A7600A92833;
			productRefGroup = 33AF531123138A7600A92833 /* Products */;
			projectDirPath = "";
			projectRoot = "";
			targets = (
				33AF530F23138A7600A92833 /* OrderModule */,
			);
		};
/* End PBXProject section */

/* Begin PBXResourcesBuildPhase section */
		33AF530E23138A7600A92833 /* Resources */ = {
			isa = PBXResourcesBuildPhase;
			buildActionMask = 2147483647;
			files = (
				33AF532023138A7600A92833 /* LaunchScreen.storyboard in Resources */,
				33AF531D23138A7600A92833 /* Assets.xcassets in Resources */,
				33AF531B23138A7600A92833 /* Main.storyboard in Resources */,
			);
			runOnlyForDeploymentPostprocessing = 0;
		};
/* End PBXResourcesBuildPhase section */

/* Begin PBXShellScriptBuildPhase section */
		5C8B3D29543599340BAF0084 /* [CP] Check Pods Manifest.lock */ = {
			isa = PBXShellScriptBuildPhase;
			buildActionMask = 2147483647;
			files = (
			);
			inputFileListPaths = (
			);
			inputPaths = (
				"${PODS_PODFILE_DIR_PATH}/Podfile.lock",
				"${PODS_ROOT}/Manifest.lock",
			);
			name = "[CP] Check Pods Manifest.lock";
			outputFileListPaths = (
			);
			outputPaths = (
				"$(DERIVED_FILE_DIR)/Pods-OrderModule-checkManifestLockResult.txt",
			);
			runOnlyForDeploymentPostprocessing = 0;
			shellPath = /bin/sh;
			shellScript = "diff \"${PODS_PODFILE_DIR_PATH}/Podfile.lock\" \"${PODS_ROOT}/Manifest.lock\" > /dev/null\nif [ $? != 0 ] ; then\n    # print error to STDERR\n    echo \"error: The sandbox is not in sync with the Podfile.lock. Run 'pod install' or update your CocoaPods installation.\" >&2\n    exit 1\nfi\n# This output is used by Xcode 'outputs' to avoid re-running this script phase.\necho \"SUCCESS\" > \"${SCRIPT_OUTPUT_FILE_0}\"\n";
			showEnvVarsInLog = 0;
		};
/* End PBXShellScriptBuildPhase section */

/* Begin PBXSourcesBuildPhase section */
		33AF530C23138A7600A92833 /* Sources */ = {
			isa = PBXSourcesBuildPhase;
			buildActionMask = 2147483647;
			files = (
				33AF533423138C0600A92833 /* Target_Order.m in Sources */,
				33AF531823138A7600A92833 /* ViewController.m in Sources */,
				33AF533123138B6000A92833 /* OrderMakeViewController.m in Sources */,
				33AF532323138A7600A92833 /* main.m in Sources */,
				33AF531523138A7600A92833 /* AppDelegate.m in Sources */,
			);
			runOnlyForDeploymentPostprocessing = 0;
		};
/* End PBXSourcesBuildPhase section */

/* Begin PBXVariantGroup section */
		33AF531923138A7600A92833 /* Main.storyboard */ = {
			isa = PBXVariantGroup;
			children = (
				33AF531A23138A7600A92833 /* Base */,
			);
			name = Main.storyboard;
			sourceTree = "<group>";
		};
		33AF531E23138A7600A92833 /* LaunchScreen.storyboard */ = {
			isa = PBXVariantGroup;
			children = (
				33AF531F23138A7600A92833 /* Base */,
			);
			name = LaunchScreen.storyboard;
			sourceTree = "<group>";
		};
/* End PBXVariantGroup section */

/* Begin XCBuildConfiguration section */
		33AF532423138A7600A92833 /* Debug */ = {
			isa = XCBuildConfiguration;
			buildSettings = {
				ALWAYS_SEARCH_USER_PATHS = NO;
				CLANG_ANALYZER_NONNULL = YES;
				CLANG_ANALYZER_NUMBER_OBJECT_CONVERSION = YES_AGGRESSIVE;
				CLANG_CXX_LANGUAGE_STANDARD = "gnu++14";
				CLANG_CXX_LIBRARY = "libc++";
				CLANG_ENABLE_MODULES = YES;
				CLANG_ENABLE_OBJC_ARC = YES;
				CLANG_ENABLE_OBJC_WEAK = YES;
				CLANG_WARN_BLOCK_CAPTURE_AUTORELEASING = YES;
				CLANG_WARN_BOOL_CONVERSION = YES;
				CLANG_WARN_COMMA = YES;
				CLANG_WARN_CONSTANT_CONVERSION = YES;
				CLANG_WARN_DEPRECATED_OBJC_IMPLEMENTATIONS = YES;
				CLANG_WARN_DIRECT_OBJC_ISA_USAGE = YES_ERROR;
				CLANG_WARN_DOCUMENTATION_COMMENTS = YES;
				CLANG_WARN_EMPTY_BODY = YES;
				CLANG_WARN_ENUM_CONVERSION = YES;
				CLANG_WARN_INFINITE_RECURSION = YES;
				CLANG_WARN_INT_CONVERSION = YES;
				CLANG_WARN_NON_LITERAL_NULL_CONVERSION = YES;
				CLANG_WARN_OBJC_IMPLICIT_RETAIN_SELF = YES;
				CLANG_WARN_OBJC_LITERAL_CONVERSION = YES;
				CLANG_WARN_OBJC_ROOT_CLASS = YES_ERROR;
				CLANG_WARN_RANGE_LOOP_ANALYSIS = YES;
				CLANG_WARN_STRICT_PROTOTYPES = YES;
				CLANG_WARN_SUSPICIOUS_MOVE = YES;
				CLANG_WARN_UNGUARDED_AVAILABILITY = YES_AGGRESSIVE;
				CLANG_WARN_UNREACHABLE_CODE = YES;
				CLANG_WARN__DUPLICATE_METHOD_MATCH = YES;
				CODE_SIGN_IDENTITY = "iPhone Developer";
				COPY_PHASE_STRIP = NO;
				DEBUG_INFORMATION_FORMAT = dwarf;
				ENABLE_STRICT_OBJC_MSGSEND = YES;
				ENABLE_TESTABILITY = YES;
				GCC_C_LANGUAGE_STANDARD = gnu11;
				GCC_DYNAMIC_NO_PIC = NO;
				GCC_NO_COMMON_BLOCKS = YES;
				GCC_OPTIMIZATION_LEVEL = 0;
				GCC_PREPROCESSOR_DEFINITIONS = (
					"DEBUG=1",
					"$(inherited)",
				);
				GCC_WARN_64_TO_32_BIT_CONVERSION = YES;
				GCC_WARN_ABOUT_RETURN_TYPE = YES_ERROR;
				GCC_WARN_UNDECLARED_SELECTOR = YES;
				GCC_WARN_UNINITIALIZED_AUTOS = YES_AGGRESSIVE;
				GCC_WARN_UNUSED_FUNCTION = YES;
				GCC_WARN_UNUSED_VARIABLE = YES;
				IPHONEOS_DEPLOYMENT_TARGET = 12.4;
				MTL_ENABLE_DEBUG_INFO = INCLUDE_SOURCE;
				MTL_FAST_MATH = YES;
				ONLY_ACTIVE_ARCH = YES;
				SDKROOT = iphoneos;
			};
			name = Debug;
		};
		33AF532523138A7600A92833 /* Release */ = {
			isa = XCBuildConfiguration;
			buildSettings = {
				ALWAYS_SEARCH_USER_PATHS = NO;
				CLANG_ANALYZER_NONNULL = YES;
				CLANG_ANALYZER_NUMBER_OBJECT_CONVERSION = YES_AGGRESSIVE;
				CLANG_CXX_LANGUAGE_STANDARD = "gnu++14";
				CLANG_CXX_LIBRARY = "libc++";
				CLANG_ENABLE_MODULES = YES;
				CLANG_ENABLE_OBJC_ARC = YES;
				CLANG_ENABLE_OBJC_WEAK = YES;
				CLANG_WARN_BLOCK_CAPTURE_AUTORELEASING = YES;
				CLANG_WARN_BOOL_CONVERSION = YES;
				CLANG_WARN_COMMA = YES;
				CLANG_WARN_CONSTANT_CONVERSION = YES;
				CLANG_WARN_DEPRECATED_OBJC_IMPLEMENTATIONS = YES;
				CLANG_WARN_DIRECT_OBJC_ISA_USAGE = YES_ERROR;
				CLANG_WARN_DOCUMENTATION_COMMENTS = YES;
				CLANG_WARN_EMPTY_BODY = YES;
				CLANG_WARN_ENUM_CONVERSION = YES;
				CLANG_WARN_INFINITE_RECURSION = YES;
				CLANG_WARN_INT_CONVERSION = YES;
				CLANG_WARN_NON_LITERAL_NULL_CONVERSION = YES;
				CLANG_WARN_OBJC_IMPLICIT_RETAIN_SELF = YES;
				CLANG_WARN_OBJC_LITERAL_CONVERSION = YES;
				CLANG_WARN_OBJC_ROOT_CLASS = YES_ERROR;
				CLANG_WARN_RANGE_LOOP_ANALYSIS = YES;
				CLANG_WARN_STRICT_PROTOTYPES = YES;
				CLANG_WARN_SUSPICIOUS_MOVE = YES;
				CLANG_WARN_UNGUARDED_AVAILABILITY = YES_AGGRESSIVE;
				CLANG_WARN_UNREACHABLE_CODE = YES;
				CLANG_WARN__DUPLICATE_METHOD_MATCH = YES;
				CODE_SIGN_IDENTITY = "iPhone Developer";
				COPY_PHASE_STRIP = NO;
				DEBUG_INFORMATION_FORMAT = "dwarf-with-dsym";
				ENABLE_NS_ASSERTIONS = NO;
				ENABLE_STRICT_OBJC_MSGSEND = YES;
				GCC_C_LANGUAGE_STANDARD = gnu11;
				GCC_NO_COMMON_BLOCKS = YES;
				GCC_WARN_64_TO_32_BIT_CONVERSION = YES;
				GCC_WARN_ABOUT_RETURN_TYPE = YES_ERROR;
				GCC_WARN_UNDECLARED_SELECTOR = YES;
				GCC_WARN_UNINITIALIZED_AUTOS = YES_AGGRESSIVE;
				GCC_WARN_UNUSED_FUNCTION = YES;
				GCC_WARN_UNUSED_VARIABLE = YES;
				IPHONEOS_DEPLOYMENT_TARGET = 12.4;
				MTL_ENABLE_DEBUG_INFO = NO;
				MTL_FAST_MATH = YES;
				SDKROOT = iphoneos;
				VALIDATE_PRODUCT = YES;
			};
			name = Release;
		};
		33AF532723138A7600A92833 /* Debug */ = {
			isa = XCBuildConfiguration;
			baseConfigurationReference = F608C2FEA473A0B82DF86D3D /* Pods-OrderModule.debug.xcconfig */;
			buildSettings = {
				ASSETCATALOG_COMPILER_APPICON_NAME = AppIcon;
				CODE_SIGN_STYLE = Automatic;
				INFOPLIST_FILE = OrderModule/Info.plist;
				LD_RUNPATH_SEARCH_PATHS = (
					"$(inherited)",
					"@executable_path/Frameworks",
				);
				PRODUCT_BUNDLE_IDENTIFIER = com.cctomato..OrderModule;
				PRODUCT_NAME = "$(TARGET_NAME)";
				TARGETED_DEVICE_FAMILY = "1,2";
			};
			name = Debug;
		};
		33AF532823138A7600A92833 /* Release */ = {
			isa = XCBuildConfiguration;
			baseConfigurationReference = 992B2A29AE44E6B00EF7F80E /* Pods-OrderModule.release.xcconfig */;
			buildSettings = {
				ASSETCATALOG_COMPILER_APPICON_NAME = AppIcon;
				CODE_SIGN_STYLE = Automatic;
				INFOPLIST_FILE = OrderModule/Info.plist;
				LD_RUNPATH_SEARCH_PATHS = (
					"$(inherited)",
					"@executable_path/Frameworks",
				);
				PRODUCT_BUNDLE_IDENTIFIER = com.cctomato..OrderModule;
				PRODUCT_NAME = "$(TARGET_NAME)";
				TARGETED_DEVICE_FAMILY = "1,2";
			};
			name = Release;
		};
/* End XCBuildConfiguration section */

/* Begin XCConfigurationList section */
		33AF530B23138A7600A92833 /* Build configuration list for PBXProject "OrderModule" */ = {
			isa = XCConfigurationList;
			buildConfigurations = (
				33AF532423138A7600A92833 /* Debug */,
				33AF532523138A7600A92833 /* Release */,
			);
			defaultConfigurationIsVisible = 0;
			defaultConfigurationName = Release;
		};
		33AF532623138A7600A92833 /* Build configuration list for PBXNativeTarget "OrderModule" */ = {
			isa = XCConfigurationList;
			buildConfigurations = (
				33AF532723138A7600A92833 /* Debug */,
				33AF532823138A7600A92833 /* Release */,
			);
			defaultConfigurationIsVisible = 0;
			defaultConfigurationName = Release;
		};
/* End XCConfigurationList section */
	};
	rootObject = 33AF530823138A7600A92833 /* Project object */;
}
